Microsoft Visual Studio Solution File, Format Version 12.00
# Visual Studio Version 16
VisualStudioVersion = 16.0.0.0
MinimumVisualStudioVersion = 16.0.0.0
Project("{9A19103F-16F7-4668-BE54-9A1E7A4F7556}") = "STAVerwaltung", "STAVerwaltung.csproj", "{CFD8BDC2-FF8F-4083-AEA5-E85593E9FB58}"
EndProject
Global
	GlobalSection(SolutionConfigurationPlatforms) = preSolution
		Debug|Any CPU = Debug|Any CPU
		Debug|x64 = Debug|x64
		Debug|x86 = Debug|x86
		Release|Any CPU = Release|Any CPU
		Release|x64 = Release|x64
		Release|x86 = Release|x86
	EndGlobalSection
	GlobalSection(ProjectConfigurationPlatforms) = postSolution
		{CFD8BDC2-FF8F-4083-AEA5-E85593E9FB58}.Debug|Any CPU.ActiveCfg = Debug|Any CPU
		{CFD8BDC2-FF8F-4083-AEA5-E85593E9FB58}.Debug|Any CPU.Build.0 = Debug|Any CPU
		{CFD8BDC2-FF8F-4083-AEA5-E85593E9FB58}.Debug|x64.ActiveCfg = Debug|Any CPU
		{CFD8BDC2-FF8F-4083-AEA5-E85593E9FB58}.Debug|x64.Build.0 = Debug|Any CPU
		{CFD8BDC2-FF8F-4083-AEA5-E85593E9FB58}.Debug|x86.ActiveCfg = Debug|Any CPU
		{CFD8BDC2-FF8F-4083-AEA5-E85593E9FB58}.Debug|x86.Build.0 = Debug|Any CPU
		{CFD8BDC2-FF8F-4083-AEA5-E85593E9FB58}.Release|Any CPU.ActiveCfg = Release|Any CPU
		{CFD8BDC2-FF8F-4083-AEA5-E85593E9FB58}.Release|Any CPU.Build.0 = Release|Any CPU
		{CFD8BDC2-FF8F-4083-AEA5-E85593E9FB58}.Release|x64.ActiveCfg = Release|Any CPU
		{CFD8BDC2-FF8F-4083-AEA5-E85593E9FB58}.Release|x64.Build.0 = Release|Any CPU
		{CFD8BDC2-FF8F-4083-AEA5-E85593E9FB58}.Release|x86.ActiveCfg = Release|Any CPU
		{CFD8BDC2-FF8F-4083-AEA5-E85593E9FB58}.Release|x86.Build.0 = Release|Any CPU
	EndGlobalSection
	GlobalSection(SolutionProperties) = preSolution
		HideSolutionNode = FALSE
	EndGlobalSection
	GlobalSection(ExtensibilityGlobals) = postSolution
		SolutionGuid = {25FD8684-AFD3-40E4-B648-C8F04D50EBFC}
	EndGlobalSection
EndGlobal